
Microsoft Visual Studio Solution File, Format Version 12.00
# Visual Studio 14
VisualStudioVersion = 14.0.24720.0
MinimumVisualStudioVersion = 10.0.40219.1
Project("{2150E333-8FDC-42A3-9474-1A3956D46DE8}") = "src", "src", "{191BC960-8521-454E-ABB1-B3699F7E9BF9}"
EndProject
Project("{2150E333-8FDC-42A3-9474-1A3956D46DE8}") = "Solution Items", "Solution Items", "{4AAF1EA2-7F00-4B5B-A8A2-E8CE2D6C0737}"
	ProjectSection(SolutionItems) = preProject
		global.json = global.json
	EndProjectSection
EndProject
Project("{8BB2217D-0F2D-49D1-97BC-3654ED321F3B}") = "MvcMovie", "src\MvcMovie\MvcMovie.xproj", "{0B77BF3C-7A59-4CDD-83CB-40723109CC5C}"
EndProject
Global
	GlobalSection(SolutionConfigurationPlatforms) = preSolution
		Debug|Any CPU = Debug|Any CPU
		Release|Any CPU = Release|Any CPU
	EndGlobalSection
	GlobalSection(ProjectConfigurationPlatforms) = postSolution
		{0B77BF3C-7A59-4CDD-83CB-40723109CC5C}.Debug|Any CPU.ActiveCfg = Debug|Any CPU
		{0B77BF3C-7A59-4CDD-83CB-40723109CC5C}.Debug|Any CPU.Build.0 = Debug|Any CPU
		{0B77BF3C-7A59-4CDD-83CB-40723109CC5C}.Release|Any CPU.ActiveCfg = Release|Any CPU
		{0B77BF3C-7A59-4CDD-83CB-40723109CC5C}.Release|Any CPU.Build.0 = Release|Any CPU
	EndGlobalSection
	GlobalSection(SolutionProperties) = preSolution
		HideSolutionNode = FALSE
	EndGlobalSection
	GlobalSection(NestedProjects) = preSolution
		{0B77BF3C-7A59-4CDD-83CB-40723109CC5C} = {191BC960-8521-454E-ABB1-B3699F7E9BF9}
	EndGlobalSection
EndGlobal
